
Microsoft Visual Studio Solution File, Format Version 12.00
# Visual Studio Version 16
VisualStudioVersion = 16.0.30128.74
MinimumVisualStudioVersion = 10.0.40219.1
Project("{FAE04EC0-301F-11D3-BF4B-00C04F79EFBC}") = "Ucommerce.Masterclass.Sitecore", "Ucommerce.Masterclass.Sitecore\Ucommerce.Masterclass.Sitecore.csproj", "{4A822B3D-9FAC-422D-B727-2AD657FCE0F2}"
EndProject
Project("{2150E333-8FDC-42A3-9474-1A3956D46DE8}") = "Deploy", "Deploy", "{F8C03C48-4312-4D5C-8E30-64246557BFFC}"
EndProject
Global
	GlobalSection(SolutionConfigurationPlatforms) = preSolution
		Debug|Any CPU = Debug|Any CPU
		Release|Any CPU = Release|Any CPU
	EndGlobalSection
	GlobalSection(ProjectConfigurationPlatforms) = postSolution
		{4A822B3D-9FAC-422D-B727-2AD657FCE0F2}.Debug|Any CPU.ActiveCfg = Debug|Any CPU
		{4A822B3D-9FAC-422D-B727-2AD657FCE0F2}.Debug|Any CPU.Build.0 = Debug|Any CPU
		{4A822B3D-9FAC-422D-B727-2AD657FCE0F2}.Release|Any CPU.ActiveCfg = Release|Any CPU
		{4A822B3D-9FAC-422D-B727-2AD657FCE0F2}.Release|Any CPU.Build.0 = Release|Any CPU
	EndGlobalSection
	GlobalSection(SolutionProperties) = preSolution
		HideSolutionNode = FALSE
	EndGlobalSection
	GlobalSection(ExtensibilityGlobals) = postSolution
		SolutionGuid = {46C2E52F-0B5E-4FCA-B35B-8C3CDDCF54E3}
	EndGlobalSection
EndGlobal
